# THIS IS AN AUTOGENERATED FILE. DO NOT EDIT THIS FILE DIRECTLY.
# yarn lockfile v1


"@hotwired/stimulus@^3.2.2":
  version "3.2.2"
  resolved "https://registry.npmjs.org/@hotwired/stimulus/-/stimulus-3.2.2.tgz"
  integrity sha512-eGeIqNOQpXoPAIP7tC1+1Yc1yl1xnwYqg+3mzqxyrbE5pg5YFBZcA6YoTiByJB6DKAEsiWtl6tjTJS4IYtbB7A==

"@hotwired/turbo-rails@^8.0.16":
  version "8.0.16"
  resolved "https://registry.yarnpkg.com/@hotwired/turbo-rails/-/turbo-rails-8.0.16.tgz#096f3bec8c3c04d4aac4dd0f75305c67b3db3501"
  integrity sha512-Yxiy2x+N3eOIEDokvLzSrd08aI5RDKnFYDQFl2J/LuMEWTtPdY7oNP0F/gv/sSe5AV23Lwz4FitG/uNFXNM5tA==
  dependencies:
    "@hotwired/turbo" "^8.0.13"
    "@rails/actioncable" ">=7.0"

"@hotwired/turbo@^8.0.13":
  version "8.0.13"
  resolved "https://registry.yarnpkg.com/@hotwired/turbo/-/turbo-8.0.13.tgz#ab35fda9d358432c8a872a833844b38cccb8c25b"
  integrity sha512-M7qXUqcGab6G5PKOiwhgbByTtrPgKPFCTMNQ52QhzUEXEqmp0/ApEguUesh/FPiUjrmFec+3lq98KsWnYY2C7g==

"@rails/actioncable@>=7.0":
  version "8.0.200"
  resolved "https://registry.yarnpkg.com/@rails/actioncable/-/actioncable-8.0.200.tgz#1d27d9d55e45266e061190db045925e0b4d53d6b"
  integrity sha512-EDqWyxck22BHmv1e+mD8Kl6GmtNkhEPdRfGFT7kvsv1yoXd9iYrqHDVAaR8bKmU/syC5eEZ2I5aWWxtB73ukMw==

autoprefixer@^10.4.22:
  version "10.4.22"
  resolved "https://registry.yarnpkg.com/autoprefixer/-/autoprefixer-10.4.22.tgz#90b27ab55ec0cf0684210d1f056f7d65dac55f16"
  integrity sha512-ARe0v/t9gO28Bznv6GgqARmVqcWOV3mfgUPn9becPHMiD3o9BwlRgaeccZnwTpZ7Zwqrm+c1sUSsMxIzQzc8Xg==
  dependencies:
    browserslist "^4.27.0"
    caniuse-lite "^1.0.30001754"
    fraction.js "^5.3.4"
    normalize-range "^0.1.2"
    picocolors "^1.1.1"
    postcss-value-parser "^4.2.0"

baseline-browser-mapping@^2.8.25:
  version "2.8.28"
  resolved "https://registry.yarnpkg.com/baseline-browser-mapping/-/baseline-browser-mapping-2.8.28.tgz#9ef511f5a7c19d74a94cafcbf951608398e9bdb3"
  integrity sha512-gYjt7OIqdM0PcttNYP2aVrr2G0bMALkBaoehD4BuRGjAOtipg0b6wHg1yNL+s5zSnLZZrGHOw4IrND8CD+3oIQ==

browserslist@^4.27.0:
  version "4.28.0"
  resolved "https://registry.yarnpkg.com/browserslist/-/browserslist-4.28.0.tgz#9cefece0a386a17a3cd3d22ebf67b9deca1b5929"
  integrity sha512-tbydkR/CxfMwelN0vwdP/pLkDwyAASZ+VfWm4EOwlB6SWhx1sYnWLqo8N5j0rAzPfzfRaxt0mM/4wPU/Su84RQ==
  dependencies:
    baseline-browser-mapping "^2.8.25"
    caniuse-lite "^1.0.30001754"
    electron-to-chromium "^1.5.249"
    node-releases "^2.0.27"
    update-browserslist-db "^1.1.4"

caniuse-lite@^1.0.30001754:
  version "1.0.30001755"
  resolved "https://registry.yarnpkg.com/caniuse-lite/-/caniuse-lite-1.0.30001755.tgz#c01cfb1c30f5acf1229391666ec03492f4c332ff"
  integrity sha512-44V+Jm6ctPj7R52Na4TLi3Zri4dWUljJd+RDm+j8LtNCc/ihLCT+X1TzoOAkRETEWqjuLnh9581Tl80FvK7jVA==

electron-to-chromium@^1.5.249:
  version "1.5.254"
  resolved "https://registry.yarnpkg.com/electron-to-chromium/-/electron-to-chromium-1.5.254.tgz#94b84c0a5faff94b334536090a9dec1c74b10130"
  integrity sha512-DcUsWpVhv9svsKRxnSCZ86SjD+sp32SGidNB37KpqXJncp1mfUgKbHvBomE89WJDbfVKw1mdv5+ikrvd43r+Bg==

escalade@^3.2.0:
  version "3.2.0"
  resolved "https://registry.npmjs.org/escalade/-/escalade-3.2.0.tgz"
  integrity sha512-WUj2qlxaQtO4g6Pq5c29GTcWGDyd8itL8zTlipgECz3JesAiiOKotd8JU6otB3PACgG6xkJUyVhboMS+bje/jA==

fraction.js@^5.3.4:
  version "5.3.4"
  resolved "https://registry.yarnpkg.com/fraction.js/-/fraction.js-5.3.4.tgz#8c0fcc6a9908262df4ed197427bdeef563e0699a"
  integrity sha512-1X1NTtiJphryn/uLQz3whtY6jK3fTqoE3ohKs0tT+Ujr1W59oopxmoEh7Lu5p6vBaPbgoM0bzveAW4Qi5RyWDQ==

jquery@^3.7.1:
  version "3.7.1"
  resolved "https://registry.npmjs.org/jquery/-/jquery-3.7.1.tgz"
  integrity sha512-m4avr8yL8kmFN8psrbFFFmB/If14iN5o9nw/NgnnM+kybDJpRsAynV2BsfpTYrTRysYUdADVD7CkUUizgkpLfg==

markerjs2@^2.32.4:
  version "2.32.7"
  resolved "https://registry.yarnpkg.com/markerjs2/-/markerjs2-2.32.7.tgz#bbe65f9ff082049e395b84ef3218a1ec98f786b4"
  integrity sha512-HeFRZjmc43DOG3lSQp92z49cq2oCYpYn2pX++SkJAW1Dij4xJtRquVRf+cXeSZQWDX3ufns1Ry/bGk+zveP7rA==

node-releases@^2.0.27:
  version "2.0.27"
  resolved "https://registry.yarnpkg.com/node-releases/-/node-releases-2.0.27.tgz#eedca519205cf20f650f61d56b070db111231e4e"
  integrity sha512-nmh3lCkYZ3grZvqcCH+fjmQ7X+H0OeZgP40OierEaAptX4XofMh5kwNbWh7lBduUzCcV/8kZ+NDLCwm2iorIlA==

normalize-range@^0.1.2:
  version "0.1.2"
  resolved "https://registry.npmjs.org/normalize-range/-/normalize-range-0.1.2.tgz"
  integrity sha512-bdok/XvKII3nUpklnV6P2hxtMNrCboOjAcyBuQnWEhO665FwrSNRxU+AqpsyvO6LgGYPspN+lu5CLtw4jPRKNA==

picocolors@^1.1.1:
  version "1.1.1"
  resolved "https://registry.npmjs.org/picocolors/-/picocolors-1.1.1.tgz"
  integrity sha512-xceH2snhtb5M9liqDsmEw56le376mTZkEX/jEb/RxNFyegNul7eNslCXP9FDj/Lcu0X8KEyMceP2ntpaHrDEVA==

postcss-value-parser@^4.2.0:
  version "4.2.0"
  resolved "https://registry.npmjs.org/postcss-value-parser/-/postcss-value-parser-4.2.0.tgz"
  integrity sha512-1NNCs6uurfkVbeXG4S8JFT9t19m45ICnif8zWLd5oPSZ50QnwMfK+H3jv408d4jw/7Bttv5axS5IiHoLaVNHeQ==

select2@^4.1.0-rc.0:
  version "4.1.0-rc.0"
  resolved "https://registry.npmjs.org/select2/-/select2-4.1.0-rc.0.tgz"
  integrity sha512-Hr9TdhyHCZUtwznEH2CBf7967mEM0idtJ5nMtjvk3Up5tPukOLXbHUNmh10oRfeNIhj+3GD3niu+g6sVK+gK0A==

tailwindcss@^4.1.11:
  version "4.1.11"
  resolved "https://registry.yarnpkg.com/tailwindcss/-/tailwindcss-4.1.11.tgz#799af3e98c19c5baaefafc6e0c16304a0e684854"
  integrity sha512-2E9TBm6MDD/xKYe+dvJZAmg3yxIEDNRc0jwlNyDg/4Fil2QcSLjFKGVff0lAf1jjeaArlG/M75Ey/EYr/OJtBA==

update-browserslist-db@^1.1.4:
  version "1.1.4"
  resolved "https://registry.yarnpkg.com/update-browserslist-db/-/update-browserslist-db-1.1.4.tgz#7802aa2ae91477f255b86e0e46dbc787a206ad4a"
  integrity sha512-q0SPT4xyU84saUX+tomz1WLkxUbuaJnR1xWt17M7fJtEJigJeWUNGUqrauFXsHnqev9y9JTRGwk13tFBuKby4A==
  dependencies:
    escalade "^3.2.0"
    picocolors "^1.1.1"
